PODS:
  - Alamofire (4.7.3)
  - FeedKit (7.0.1)
  - Kingfisher (4.9.0)

DEPENDENCIES:
  - Alamofire (~> 4.7)
  - FeedKit (= 7.0.1)
  - Kingfisher (~> 4.0)

SPEC REPOS:
  https://github.com/cocoapods/specs.git:
    - Alamofire
    - FeedKit
    - Kingfisher

SPEC CHECKSUMS:
  Alamofire: c7287b6e5d7da964a70935e5db17046b7fde6568
  FeedKit: 9be69ab57ef0eb922ee4b6c31cb6b8840a5bbb29
  Kingfisher: 64539b51826b778206daa6ed815d12653caa69dd

PODFILE CHECKSUM: 5edc5358450b645eafa6b7c81b587ddfc5921e03

COCOAPODS: 1.5.3
