// !$*UTF8*$!
{
	archiveVersion = 1;
	classes = {
	};
	objectVersion = 50;
	objects = {

/* Begin PBXBuildFile section */
		3701766920974BCB00218DDE /* API.swift in Sources */ = {isa = PBXBuildFile; fileRef = 3701766820974BCB00218DDE /* API.swift */; };
		3701766B20974C0200218DDE /* Constants.swift in Sources */ = {isa = PBXBuildFile; fileRef = 3701766A20974C0200218DDE /* Constants.swift */; };
		373E9720209094AA00E9A5F9 /* PodcastsSearchController.swift in Sources */ = {isa = PBXBuildFile; fileRef = 373E971F209094AA00E9A5F9 /* PodcastsSearchController.swift */; };
		373E9724209094FC00E9A5F9 /* Podcast.swift in Sources */ = {isa = PBXBuildFile; fileRef = 373E9723209094FC00E9A5F9 /* Podcast.swift */; };
		373E972720909BF600E9A5F9 /* ReuseIdentifier.swift in Sources */ = {isa = PBXBuildFile; fileRef = 373E972620909BF600E9A5F9 /* ReuseIdentifier.swift */; };
		373E972A20909C9500E9A5F9 /* PodcastTableViewCell.swift in Sources */ = {isa = PBXBuildFile; fileRef = 373E972920909C9500E9A5F9 /* PodcastTableViewCell.swift */; };
		374E5F7F20906B2300A5E5C8 /* AppDelegate.swift in Sources */ = {isa = PBXBuildFile; fileRef = 374E5F7E20906B2300A5E5C8 /* AppDelegate.swift */; };
		374E5F8120906B2300A5E5C8 /* ViewController.swift in Sources */ = {isa = PBXBuildFile; fileRef = 374E5F8020906B2300A5E5C8 /* ViewController.swift */; };
		374E5F8420906B2300A5E5C8 /* Main.storyboard in Resources */ = {isa = PBXBuildFile; fileRef = 374E5F8220906B2300A5E5C8 /* Main.storyboard */; };
		374E5F8620906B2300A5E5C8 /* Assets.xcassets in Resources */ = {isa = PBXBuildFile; fileRef = 374E5F8520906B2300A5E5C8 /* Assets.xcassets */; };
		374E5F8920906B2300A5E5C8 /* LaunchScreen.storyboard in Resources */ = {isa = PBXBuildFile; fileRef = 374E5F8720906B2300A5E5C8 /* LaunchScreen.storyboard */; };
		374E5F9420906B2300A5E5C8 /* PodcastUITests.swift in Sources */ = {isa = PBXBuildFile; fileRef = 374E5F9320906B2300A5E5C8 /* PodcastUITests.swift */; };
		374E5F9F2090746800A5E5C8 /* MainTabBarController.swift in Sources */ = {isa = PBXBuildFile; fileRef = 374E5F9E2090746800A5E5C8 /* MainTabBarController.swift */; };
		37D226EA2098665800F76331 /* PodcastTableViewCell.xib in Resources */ = {isa = PBXBuildFile; fileRef = 37D226E92098665800F76331 /* PodcastTableViewCell.xib */; };
		37D226ED20986D2000F76331 /* UIView+Nib.swift in Sources */ = {isa = PBXBuildFile; fileRef = 37D226EC20986D2000F76331 /* UIView+Nib.swift */; };
		4DF2788BBF113A2D34F03829 /* Pods_Podcast.framework in Frameworks */ = {isa = PBXBuildFile; fileRef = C39D97CB8D70AE2FA4C9221C /* Pods_Podcast.framework */; };
		ADC1523C73073F22DC8FECD1 /* Pods_PodcastUITests.framework in Frameworks */ = {isa = PBXBuildFile; fileRef = ACD4B8849EC9250B38525C19 /* Pods_PodcastUITests.framework */; };
/* End PBXBuildFile section */

/* Begin PBXContainerItemProxy section */
		374E5F9020906B2300A5E5C8 /* PBXContainerItemProxy */ = {
			isa = PBXContainerItemProxy;
			containerPortal = 374E5F7320906B2300A5E5C8 /* Project object */;
			proxyType = 1;
			remoteGlobalIDString = 374E5F7A20906B2300A5E5C8;
			remoteInfo = Podcast;
		};
/* End PBXContainerItemProxy section */

/* Begin PBXFileReference section */
		3701766820974BCB00218DDE /* API.swift */ = {isa = PBXFileReference; lastKnownFileType = sourcecode.swift; path = API.swift; sourceTree = "<group>"; };
		3701766A20974C0200218DDE /* Constants.swift */ = {isa = PBXFileReference; lastKnownFileType = sourcecode.swift; path = Constants.swift; sourceTree = "<group>"; };
		373E971F209094AA00E9A5F9 /* PodcastsSearchController.swift */ = {isa = PBXFileReference; lastKnownFileType = sourcecode.swift; path = PodcastsSearchController.swift; sourceTree = "<group>"; };
		373E9723209094FC00E9A5F9 /* Podcast.swift */ = {isa = PBXFileReference; lastKnownFileType = sourcecode.swift; path = Podcast.swift; sourceTree = "<group>"; };
		373E972620909BF600E9A5F9 /* ReuseIdentifier.swift */ = {isa = PBXFileReference; lastKnownFileType = sourcecode.swift; path = ReuseIdentifier.swift; sourceTree = "<group>"; };
		373E972920909C9500E9A5F9 /* PodcastTableViewCell.swift */ = {isa = PBXFileReference; lastKnownFileType = sourcecode.swift; path = PodcastTableViewCell.swift; sourceTree = "<group>"; };
		374E5F7B20906B2300A5E5C8 /* Podcast.app */ = {isa = PBXFileReference; explicitFileType = wrapper.application; includeInIndex = 0; path = Podcast.app; sourceTree = BUILT_PRODUCTS_DIR; };
		374E5F7E20906B2300A5E5C8 /* AppDelegate.swift */ = {isa = PBXFileReference; lastKnownFileType = sourcecode.swift; path = AppDelegate.swift; sourceTree = "<group>"; };
		374E5F8020906B2300A5E5C8 /* ViewController.swift */ = {isa = PBXFileReference; lastKnownFileType = sourcecode.swift; path = ViewController.swift; sourceTree = "<group>"; };
		374E5F8320906B2300A5E5C8 /* Base */ = {isa = PBXFileReference; lastKnownFileType = file.storyboard; name = Base; path = Base.lproj/Main.storyboard; sourceTree = "<group>"; };
		374E5F8520906B2300A5E5C8 /* Assets.xcassets */ = {isa = PBXFileReference; lastKnownFileType = folder.assetcatalog; path = Assets.xcassets; sourceTree = "<group>"; };
		374E5F8820906B2300A5E5C8 /* Base */ = {isa = PBXFileReference; lastKnownFileType = file.storyboard; name = Base; path = Base.lproj/LaunchScreen.storyboard; sourceTree = "<group>"; };
		374E5F8A20906B2300A5E5C8 /* Info.plist */ = {isa = PBXFileReference; lastKnownFileType = text.plist.xml; path = Info.plist; sourceTree = "<group>"; };
		374E5F8F20906B2300A5E5C8 /* PodcastUITests.xctest */ = {isa = PBXFileReference; explicitFileType = wrapper.cfbundle; includeInIndex = 0; path = PodcastUITests.xctest; sourceTree = BUILT_PRODUCTS_DIR; };
		374E5F9320906B2300A5E5C8 /* PodcastUITests.swift */ = {isa = PBXFileReference; lastKnownFileType = sourcecode.swift; path = PodcastUITests.swift; sourceTree = "<group>"; };
		374E5F9520906B2300A5E5C8 /* Info.plist */ = {isa = PBXFileReference; lastKnownFileType = text.plist.xml; path = Info.plist; sourceTree = "<group>"; };
		374E5F9E2090746800A5E5C8 /* MainTabBarController.swift */ = {isa = PBXFileReference; lastKnownFileType = sourcecode.swift; path = MainTabBarController.swift; sourceTree = "<group>"; };
		37D226E92098665800F76331 /* PodcastTableViewCell.xib */ = {isa = PBXFileReference; fileEncoding = 4; lastKnownFileType = file.xib; path = PodcastTableViewCell.xib; sourceTree = "<group>"; };
		37D226EC20986D2000F76331 /* UIView+Nib.swift */ = {isa = PBXFileReference; lastKnownFileType = sourcecode.swift; path = "UIView+Nib.swift"; sourceTree = "<group>"; };
		77A3A684D27CDB6EEFDDE6C2 /* Pods-PodcastUITests.debug.xcconfig */ = {isa = PBXFileReference; includeInIndex = 1; lastKnownFileType = text.xcconfig; name = "Pods-PodcastUITests.debug.xcconfig"; path = "Pods/Target Support Files/Pods-PodcastUITests/Pods-PodcastUITests.debug.xcconfig"; sourceTree = "<group>"; };
		9EE961C49D758124F793F90C /* Pods-PodcastUITests.release.xcconfig */ = {isa = PBXFileReference; includeInIndex = 1; lastKnownFileType = text.xcconfig; name = "Pods-PodcastUITests.release.xcconfig"; path = "Pods/Target Support Files/Pods-PodcastUITests/Pods-PodcastUITests.release.xcconfig"; sourceTree = "<group>"; };
		ACD4B8849EC9250B38525C19 /* Pods_PodcastUITests.framework */ = {isa = PBXFileReference; explicitFileType = wrapper.framework; includeInIndex = 0; path = Pods_PodcastUITests.framework; sourceTree = BUILT_PRODUCTS_DIR; };
		C39D97CB8D70AE2FA4C9221C /* Pods_Podcast.framework */ = {isa = PBXFileReference; explicitFileType = wrapper.framework; includeInIndex = 0; path = Pods_Podcast.framework; sourceTree = BUILT_PRODUCTS_DIR; };
		D706AC260F18E0E40EC43ACB /* Pods-Podcast.release.xcconfig */ = {isa = PBXFileReference; includeInIndex = 1; lastKnownFileType = text.xcconfig; name = "Pods-Podcast.release.xcconfig"; path = "Pods/Target Support Files/Pods-Podcast/Pods-Podcast.release.xcconfig"; sourceTree = "<group>"; };
		F0B19A3D8F5382A38C902851 /* Pods-Podcast.debug.xcconfig */ = {isa = PBXFileReference; includeInIndex = 1; lastKnownFileType = text.xcconfig; name = "Pods-Podcast.debug.xcconfig"; path = "Pods/Target Support Files/Pods-Podcast/Pods-Podcast.debug.xcconfig"; sourceTree = "<group>"; };
/* End PBXFileReference section */

/* Begin PBXFrameworksBuildPhase section */
		374E5F7820906B2300A5E5C8 /* Frameworks */ = {
			isa = PBXFrameworksBuildPhase;
			buildActionMask = 2147483647;
			files = (
				4DF2788BBF113A2D34F03829 /* Pods_Podcast.framework in Frameworks */,
			);
			runOnlyForDeploymentPostprocessing = 0;
		};
		374E5F8C20906B2300A5E5C8 /* Frameworks */ = {
			isa = PBXFrameworksBuildPhase;
			buildActionMask = 2147483647;
			files = (
				ADC1523C73073F22DC8FECD1 /* Pods_PodcastUITests.framework in Frameworks */,
			);
			runOnlyForDeploymentPostprocessing = 0;
		};
/* End PBXFrameworksBuildPhase section */

/* Begin PBXGroup section */
		3701766720974BBF00218DDE /* Networking */ = {
			isa = PBXGroup;
			children = (
				3701766820974BCB00218DDE /* API.swift */,
			);
			path = Networking;
			sourceTree = "<group>";
		};
		373E9721209094D600E9A5F9 /* Controllers */ = {
			isa = PBXGroup;
			children = (
				374E5F9E2090746800A5E5C8 /* MainTabBarController.swift */,
				374E5F8020906B2300A5E5C8 /* ViewController.swift */,
				373E971F209094AA00E9A5F9 /* PodcastsSearchController.swift */,
			);
			path = Controllers;
			sourceTree = "<group>";
		};
		373E9722209094EB00E9A5F9 /* Models */ = {
			isa = PBXGroup;
			children = (
				373E9723209094FC00E9A5F9 /* Podcast.swift */,
			);
			path = Models;
			sourceTree = "<group>";
		};
		373E972520909BE500E9A5F9 /* Helpers */ = {
			isa = PBXGroup;
			children = (
				373E972620909BF600E9A5F9 /* ReuseIdentifier.swift */,
				37D226EC20986D2000F76331 /* UIView+Nib.swift */,
				3701766A20974C0200218DDE /* Constants.swift */,
			);
			path = Helpers;
			sourceTree = "<group>";
		};
		373E972820909C6D00E9A5F9 /* Views */ = {
			isa = PBXGroup;
			children = (
				373E972920909C9500E9A5F9 /* PodcastTableViewCell.swift */,
				37D226E92098665800F76331 /* PodcastTableViewCell.xib */,
			);
			path = Views;
			sourceTree = "<group>";
		};
		374E5F7220906B2300A5E5C8 = {
			isa = PBXGroup;
			children = (
				374E5F7D20906B2300A5E5C8 /* Podcast */,
				374E5F9220906B2300A5E5C8 /* PodcastUITests */,
				374E5F7C20906B2300A5E5C8 /* Products */,
				C0AA110B6950A56F91814631 /* Pods */,
				B12CF02898ABBE9243BE1C7E /* Frameworks */,
			);
			sourceTree = "<group>";
		};
		374E5F7C20906B2300A5E5C8 /* Products */ = {
			isa = PBXGroup;
			children = (
				374E5F7B20906B2300A5E5C8 /* Podcast.app */,
				374E5F8F20906B2300A5E5C8 /* PodcastUITests.xctest */,
			);
			name = Products;
			sourceTree = "<group>";
		};
		374E5F7D20906B2300A5E5C8 /* Podcast */ = {
			isa = PBXGroup;
			children = (
				3701766720974BBF00218DDE /* Networking */,
				373E972820909C6D00E9A5F9 /* Views */,
				373E972520909BE500E9A5F9 /* Helpers */,
				373E9722209094EB00E9A5F9 /* Models */,
				373E9721209094D600E9A5F9 /* Controllers */,
				374E5F8220906B2300A5E5C8 /* Main.storyboard */,
				374E5F8520906B2300A5E5C8 /* Assets.xcassets */,
				374E5F8720906B2300A5E5C8 /* LaunchScreen.storyboard */,
				374E5F7E20906B2300A5E5C8 /* AppDelegate.swift */,
				374E5F8A20906B2300A5E5C8 /* Info.plist */,
			);
			path = Podcast;
			sourceTree = "<group>";
		};
		374E5F9220906B2300A5E5C8 /* PodcastUITests */ = {
			isa = PBXGroup;
			children = (
				374E5F9320906B2300A5E5C8 /* PodcastUITests.swift */,
				374E5F9520906B2300A5E5C8 /* Info.plist */,
			);
			path = PodcastUITests;
			sourceTree = "<group>";
		};
		B12CF02898ABBE9243BE1C7E /* Frameworks */ = {
			isa = PBXGroup;
			children = (
				C39D97CB8D70AE2FA4C9221C /* Pods_Podcast.framework */,
				ACD4B8849EC9250B38525C19 /* Pods_PodcastUITests.framework */,
			);
			name = Frameworks;
			sourceTree = "<group>";
		};
		C0AA110B6950A56F91814631 /* Pods */ = {
			isa = PBXGroup;
			children = (
				F0B19A3D8F5382A38C902851 /* Pods-Podcast.debug.xcconfig */,
				D706AC260F18E0E40EC43ACB /* Pods-Podcast.release.xcconfig */,
				77A3A684D27CDB6EEFDDE6C2 /* Pods-PodcastUITests.debug.xcconfig */,
				9EE961C49D758124F793F90C /* Pods-PodcastUITests.release.xcconfig */,
			);
			name = Pods;
			sourceTree = "<group>";
		};
/* End PBXGroup section */

/* Begin PBXNativeTarget section */
		374E5F7A20906B2300A5E5C8 /* Podcast */ = {
			isa = PBXNativeTarget;
			buildConfigurationList = 374E5F9820906B2300A5E5C8 /* Build configuration list for PBXNativeTarget "Podcast" */;
			buildPhases = (
				3BF40414AF7BC6B563EB92CC /* [CP] Check Pods Manifest.lock */,
				374E5F7720906B2300A5E5C8 /* Sources */,
				374E5F7820906B2300A5E5C8 /* Frameworks */,
				374E5F7920906B2300A5E5C8 /* Resources */,
				77A9AC09C4BFC01CDF002889 /* [CP] Embed Pods Frameworks */,
			);
			buildRules = (
			);
			dependencies = (
			);
			name = Podcast;
			productName = Podcast;
			productReference = 374E5F7B20906B2300A5E5C8 /* Podcast.app */;
			productType = "com.apple.product-type.application";
		};
		374E5F8E20906B2300A5E5C8 /* PodcastUITests */ = {
			isa = PBXNativeTarget;
			buildConfigurationList = 374E5F9B20906B2300A5E5C8 /* Build configuration list for PBXNativeTarget "PodcastUITests" */;
			buildPhases = (
				B9C0D99B07BD04A614A1E85D /* [CP] Check Pods Manifest.lock */,
				374E5F8B20906B2300A5E5C8 /* Sources */,
				374E5F8C20906B2300A5E5C8 /* Frameworks */,
				374E5F8D20906B2300A5E5C8 /* Resources */,
			);
			buildRules = (
			);
			dependencies = (
				374E5F9120906B2300A5E5C8 /* PBXTargetDependency */,
			);
			name = PodcastUITests;
			productName = PodcastUITests;
			productReference = 374E5F8F20906B2300A5E5C8 /* PodcastUITests.xctest */;
			productType = "com.apple.product-type.bundle.ui-testing";
		};
/* End PBXNativeTarget section */

/* Begin PBXProject section */
		374E5F7320906B2300A5E5C8 /* Project object */ = {
			isa = PBXProject;
			attributes = {
				LastSwiftUpdateCheck = 0930;
				LastUpgradeCheck = 0930;
				ORGANIZATIONNAME = "Nicolas Desormiere";
				TargetAttributes = {
					374E5F7A20906B2300A5E5C8 = {
						CreatedOnToolsVersion = 9.3;
					};
					374E5F8E20906B2300A5E5C8 = {
						CreatedOnToolsVersion = 9.3;
						TestTargetID = 374E5F7A20906B2300A5E5C8;
					};
				};
			};
			buildConfigurationList = 374E5F7620906B2300A5E5C8 /* Build configuration list for PBXProject "Podcast" */;
			compatibilityVersion = "Xcode 9.3";
			developmentRegion = en;
			hasScannedForEncodings = 0;
			knownRegions = (
				en,
				Base,
			);
			mainGroup = 374E5F7220906B2300A5E5C8;
			productRefGroup = 374E5F7C20906B2300A5E5C8 /* Products */;
			projectDirPath = "";
			projectRoot = "";
			targets = (
				374E5F7A20906B2300A5E5C8 /* Podcast */,
				374E5F8E20906B2300A5E5C8 /* PodcastUITests */,
			);
		};
/* End PBXProject section */

/* Begin PBXResourcesBuildPhase section */
		374E5F7920906B2300A5E5C8 /* Resources */ = {
			isa = PBXResourcesBuildPhase;
			buildActionMask = 2147483647;
			files = (
				374E5F8920906B2300A5E5C8 /* LaunchScreen.storyboard in Resources */,
				374E5F8620906B2300A5E5C8 /* Assets.xcassets in Resources */,
				37D226EA2098665800F76331 /* PodcastTableViewCell.xib in Resources */,
				374E5F8420906B2300A5E5C8 /* Main.storyboard in Resources */,
			);
			runOnlyForDeploymentPostprocessing = 0;
		};
		374E5F8D20906B2300A5E5C8 /* Resources */ = {
			isa = PBXResourcesBuildPhase;
			buildActionMask = 2147483647;
			files = (
			);
			runOnlyForDeploymentPostprocessing = 0;
		};
/* End PBXResourcesBuildPhase section */

/* Begin PBXShellScriptBuildPhase section */
		3BF40414AF7BC6B563EB92CC /* [CP] Check Pods Manifest.lock */ = {
			isa = PBXShellScriptBuildPhase;
			buildActionMask = 2147483647;
			files = (
			);
			inputPaths = (
				"${PODS_PODFILE_DIR_PATH}/Podfile.lock",
				"${PODS_ROOT}/Manifest.lock",
			);
			name = "[CP] Check Pods Manifest.lock";
			outputPaths = (
				"$(DERIVED_FILE_DIR)/Pods-Podcast-checkManifestLockResult.txt",
			);
			runOnlyForDeploymentPostprocessing = 0;
			shellPath = /bin/sh;
			shellScript = "diff \"${PODS_PODFILE_DIR_PATH}/Podfile.lock\" \"${PODS_ROOT}/Manifest.lock\" > /dev/null\nif [ $? != 0 ] ; then\n    # print error to STDERR\n    echo \"error: The sandbox is not in sync with the Podfile.lock. Run 'pod install' or update your CocoaPods installation.\" >&2\n    exit 1\nfi\n# This output is used by Xcode 'outputs' to avoid re-running this script phase.\necho \"SUCCESS\" > \"${SCRIPT_OUTPUT_FILE_0}\"\n";
			showEnvVarsInLog = 0;
		};
		77A9AC09C4BFC01CDF002889 /* [CP] Embed Pods Frameworks */ = {
			isa = PBXShellScriptBuildPhase;
			buildActionMask = 2147483647;
			files = (
			);
			inputPaths = (
				"${SRCROOT}/Pods/Target Support Files/Pods-Podcast/Pods-Podcast-frameworks.sh",
				"${BUILT_PRODUCTS_DIR}/Alamofire/Alamofire.framework",
				"${BUILT_PRODUCTS_DIR}/FeedKit/FeedKit.framework",
				"${BUILT_PRODUCTS_DIR}/Kingfisher/Kingfisher.framework",
			);
			name = "[CP] Embed Pods Frameworks";
			outputPaths = (
				"${TARGET_BUILD_DIR}/${FRAMEWORKS_FOLDER_PATH}/Alamofire.framework",
				"${TARGET_BUILD_DIR}/${FRAMEWORKS_FOLDER_PATH}/FeedKit.framework",
				"${TARGET_BUILD_DIR}/${FRAMEWORKS_FOLDER_PATH}/Kingfisher.framework",
			);
			runOnlyForDeploymentPostprocessing = 0;
			shellPath = /bin/sh;
			shellScript = "\"${SRCROOT}/Pods/Target Support Files/Pods-Podcast/Pods-Podcast-frameworks.sh\"\n";
			showEnvVarsInLog = 0;
		};
		B9C0D99B07BD04A614A1E85D /* [CP] Check Pods Manifest.lock */ = {
			isa = PBXShellScriptBuildPhase;
			buildActionMask = 2147483647;
			files = (
			);
			inputPaths = (
				"${PODS_PODFILE_DIR_PATH}/Podfile.lock",
				"${PODS_ROOT}/Manifest.lock",
			);
			name = "[CP] Check Pods Manifest.lock";
			outputPaths = (
				"$(DERIVED_FILE_DIR)/Pods-PodcastUITests-checkManifestLockResult.txt",
			);
			runOnlyForDeploymentPostprocessing = 0;
			shellPath = /bin/sh;
			shellScript = "diff \"${PODS_PODFILE_DIR_PATH}/Podfile.lock\" \"${PODS_ROOT}/Manifest.lock\" > /dev/null\nif [ $? != 0 ] ; then\n    # print error to STDERR\n    echo \"error: The sandbox is not in sync with the Podfile.lock. Run 'pod install' or update your CocoaPods installation.\" >&2\n    exit 1\nfi\n# This output is used by Xcode 'outputs' to avoid re-running this script phase.\necho \"SUCCESS\" > \"${SCRIPT_OUTPUT_FILE_0}\"\n";
			showEnvVarsInLog = 0;
		};
/* End PBXShellScriptBuildPhase section */

/* Begin PBXSourcesBuildPhase section */
		374E5F7720906B2300A5E5C8 /* Sources */ = {
			isa = PBXSourcesBuildPhase;
			buildActionMask = 2147483647;
			files = (
				373E9720209094AA00E9A5F9 /* PodcastsSearchController.swift in Sources */,
				373E972720909BF600E9A5F9 /* ReuseIdentifier.swift in Sources */,
				374E5F8120906B2300A5E5C8 /* ViewController.swift in Sources */,
				373E972A20909C9500E9A5F9 /* PodcastTableViewCell.swift in Sources */,
				374E5F7F20906B2300A5E5C8 /* AppDelegate.swift in Sources */,
				374E5F9F2090746800A5E5C8 /* MainTabBarController.swift in Sources */,
				3701766920974BCB00218DDE /* API.swift in Sources */,
				373E9724209094FC00E9A5F9 /* Podcast.swift in Sources */,
				37D226ED20986D2000F76331 /* UIView+Nib.swift in Sources */,
				3701766B20974C0200218DDE /* Constants.swift in Sources */,
			);
			runOnlyForDeploymentPostprocessing = 0;
		};
		374E5F8B20906B2300A5E5C8 /* Sources */ = {
			isa = PBXSourcesBuildPhase;
			buildActionMask = 2147483647;
			files = (
				374E5F9420906B2300A5E5C8 /* PodcastUITests.swift in Sources */,
			);
			runOnlyForDeploymentPostprocessing = 0;
		};
/* End PBXSourcesBuildPhase section */

/* Begin PBXTargetDependency section */
		374E5F9120906B2300A5E5C8 /* PBXTargetDependency */ = {
			isa = PBXTargetDependency;
			target = 374E5F7A20906B2300A5E5C8 /* Podcast */;
			targetProxy = 374E5F9020906B2300A5E5C8 /* PBXContainerItemProxy */;
		};
/* End PBXTargetDependency section */

/* Begin PBXVariantGroup section */
		374E5F8220906B2300A5E5C8 /* Main.storyboard */ = {
			isa = PBXVariantGroup;
			children = (
				374E5F8320906B2300A5E5C8 /* Base */,
			);
			name = Main.storyboard;
			sourceTree = "<group>";
		};
		374E5F8720906B2300A5E5C8 /* LaunchScreen.storyboard */ = {
			isa = PBXVariantGroup;
			children = (
				374E5F8820906B2300A5E5C8 /* Base */,
			);
			name = LaunchScreen.storyboard;
			sourceTree = "<group>";
		};
/* End PBXVariantGroup section */

/* Begin XCBuildConfiguration section */
		374E5F9620906B2300A5E5C8 /* Debug */ = {
			isa = XCBuildConfiguration;
			buildSettings = {
				ALWAYS_SEARCH_USER_PATHS = NO;
				CLANG_ANALYZER_NONNULL = YES;
				CLANG_ANALYZER_NUMBER_OBJECT_CONVERSION = YES_AGGRESSIVE;
				CLANG_CXX_LANGUAGE_STANDARD = "gnu++14";
				CLANG_CXX_LIBRARY = "libc++";
				CLANG_ENABLE_MODULES = YES;
				CLANG_ENABLE_OBJC_ARC = YES;
				CLANG_ENABLE_OBJC_WEAK = YES;
				CLANG_WARN_BLOCK_CAPTURE_AUTORELEASING = YES;
				CLANG_WARN_BOOL_CONVERSION = YES;
				CLANG_WARN_COMMA = YES;
				CLANG_WARN_CONSTANT_CONVERSION = YES;
				CLANG_WARN_DEPRECATED_OBJC_IMPLEMENTATIONS = YES;
				CLANG_WARN_DIRECT_OBJC_ISA_USAGE = YES_ERROR;
				CLANG_WARN_DOCUMENTATION_COMMENTS = YES;
				CLANG_WARN_EMPTY_BODY = YES;
				CLANG_WARN_ENUM_CONVERSION = YES;
				CLANG_WARN_INFINITE_RECURSION = YES;
				CLANG_WARN_INT_CONVERSION = YES;
				CLANG_WARN_NON_LITERAL_NULL_CONVERSION = YES;
				CLANG_WARN_OBJC_IMPLICIT_RETAIN_SELF = YES;
				CLANG_WARN_OBJC_LITERAL_CONVERSION = YES;
				CLANG_WARN_OBJC_ROOT_CLASS = YES_ERROR;
				CLANG_WARN_RANGE_LOOP_ANALYSIS = YES;
				CLANG_WARN_STRICT_PROTOTYPES = YES;
				CLANG_WARN_SUSPICIOUS_MOVE = YES;
				CLANG_WARN_UNGUARDED_AVAILABILITY = YES_AGGRESSIVE;
				CLANG_WARN_UNREACHABLE_CODE = YES;
				CLANG_WARN__DUPLICATE_METHOD_MATCH = YES;
				CODE_SIGN_IDENTITY = "iPhone Developer";
				COPY_PHASE_STRIP = NO;
				DEBUG_INFORMATION_FORMAT = dwarf;
				ENABLE_STRICT_OBJC_MSGSEND = YES;
				ENABLE_TESTABILITY = YES;
				GCC_C_LANGUAGE_STANDARD = gnu11;
				GCC_DYNAMIC_NO_PIC = NO;
				GCC_NO_COMMON_BLOCKS = YES;
				GCC_OPTIMIZATION_LEVEL = 0;
				GCC_PREPROCESSOR_DEFINITIONS = (
					"DEBUG=1",
					"$(inherited)",
				);
				GCC_WARN_64_TO_32_BIT_CONVERSION = YES;
				GCC_WARN_ABOUT_RETURN_TYPE = YES_ERROR;
				GCC_WARN_UNDECLARED_SELECTOR = YES;
				GCC_WARN_UNINITIALIZED_AUTOS = YES_AGGRESSIVE;
				GCC_WARN_UNUSED_FUNCTION = YES;
				GCC_WARN_UNUSED_VARIABLE = YES;
				IPHONEOS_DEPLOYMENT_TARGET = 11.3;
				MTL_ENABLE_DEBUG_INFO = YES;
				ONLY_ACTIVE_ARCH = YES;
				SDKROOT = iphoneos;
				SWIFT_ACTIVE_COMPILATION_CONDITIONS = DEBUG;
				SWIFT_OPTIMIZATION_LEVEL = "-Onone";
			};
			name = Debug;
		};
		374E5F9720906B2300A5E5C8 /* Release */ = {
			isa = XCBuildConfiguration;
			buildSettings = {
				ALWAYS_SEARCH_USER_PATHS = NO;
				CLANG_ANALYZER_NONNULL = YES;
				CLANG_ANALYZER_NUMBER_OBJECT_CONVERSION = YES_AGGRESSIVE;
				CLANG_CXX_LANGUAGE_STANDARD = "gnu++14";
				CLANG_CXX_LIBRARY = "libc++";
				CLANG_ENABLE_MODULES = YES;
				CLANG_ENABLE_OBJC_ARC = YES;
				CLANG_ENABLE_OBJC_WEAK = YES;
				CLANG_WARN_BLOCK_CAPTURE_AUTORELEASING = YES;
				CLANG_WARN_BOOL_CONVERSION = YES;
				CLANG_WARN_COMMA = YES;
				CLANG_WARN_CONSTANT_CONVERSION = YES;
				CLANG_WARN_DEPRECATED_OBJC_IMPLEMENTATIONS = YES;
				CLANG_WARN_DIRECT_OBJC_ISA_USAGE = YES_ERROR;
				CLANG_WARN_DOCUMENTATION_COMMENTS = YES;
				CLANG_WARN_EMPTY_BODY = YES;
				CLANG_WARN_ENUM_CONVERSION = YES;
				CLANG_WARN_INFINITE_RECURSION = YES;
				CLANG_WARN_INT_CONVERSION = YES;
				CLANG_WARN_NON_LITERAL_NULL_CONVERSION = YES;
				CLANG_WARN_OBJC_IMPLICIT_RETAIN_SELF = YES;
				CLANG_WARN_OBJC_LITERAL_CONVERSION = YES;
				CLANG_WARN_OBJC_ROOT_CLASS = YES_ERROR;
				CLANG_WARN_RANGE_LOOP_ANALYSIS = YES;
				CLANG_WARN_STRICT_PROTOTYPES = YES;
				CLANG_WARN_SUSPICIOUS_MOVE = YES;
				CLANG_WARN_UNGUARDED_AVAILABILITY = YES_AGGRESSIVE;
				CLANG_WARN_UNREACHABLE_CODE = YES;
				CLANG_WARN__DUPLICATE_METHOD_MATCH = YES;
				CODE_SIGN_IDENTITY = "iPhone Developer";
				COPY_PHASE_STRIP = NO;
				DEBUG_INFORMATION_FORMAT = "dwarf-with-dsym";
				ENABLE_NS_ASSERTIONS = NO;
				ENABLE_STRICT_OBJC_MSGSEND = YES;
				GCC_C_LANGUAGE_STANDARD = gnu11;
				GCC_NO_COMMON_BLOCKS = YES;
				GCC_WARN_64_TO_32_BIT_CONVERSION = YES;
				GCC_WARN_ABOUT_RETURN_TYPE = YES_ERROR;
				GCC_WARN_UNDECLARED_SELECTOR = YES;
				GCC_WARN_UNINITIALIZED_AUTOS = YES_AGGRESSIVE;
				GCC_WARN_UNUSED_FUNCTION = YES;
				GCC_WARN_UNUSED_VARIABLE = YES;
				IPHONEOS_DEPLOYMENT_TARGET = 11.3;
				MTL_ENABLE_DEBUG_INFO = NO;
				SDKROOT = iphoneos;
				SWIFT_COMPILATION_MODE = wholemodule;
				SWIFT_OPTIMIZATION_LEVEL = "-O";
				VALIDATE_PRODUCT = YES;
			};
			name = Release;
		};
		374E5F9920906B2300A5E5C8 /* Debug */ = {
			isa = XCBuildConfiguration;
			baseConfigurationReference = F0B19A3D8F5382A38C902851 /* Pods-Podcast.debug.xcconfig */;
			buildSettings = {
				ASSETCATALOG_COMPILER_APPICON_NAME = AppIcon;
				CODE_SIGN_STYLE = Automatic;
				DEVELOPMENT_TEAM = 2T3D3L27FC;
				INFOPLIST_FILE = Podcast/Info.plist;
				LD_RUNPATH_SEARCH_PATHS = "$(inherited) @executable_path/Frameworks";
				PRODUCT_BUNDLE_IDENTIFIER = com.desormiere.nicolas.Podcast;
				PRODUCT_NAME = "$(TARGET_NAME)";
				SWIFT_VERSION = 4.0;
				TARGETED_DEVICE_FAMILY = "1,2";
			};
			name = Debug;
		};
		374E5F9A20906B2300A5E5C8 /* Release */ = {
			isa = XCBuildConfiguration;
			baseConfigurationReference = D706AC260F18E0E40EC43ACB /* Pods-Podcast.release.xcconfig */;
			buildSettings = {
				ASSETCATALOG_COMPILER_APPICON_NAME = AppIcon;
				CODE_SIGN_STYLE = Automatic;
				DEVELOPMENT_TEAM = 2T3D3L27FC;
				INFOPLIST_FILE = Podcast/Info.plist;
				LD_RUNPATH_SEARCH_PATHS = "$(inherited) @executable_path/Frameworks";
				PRODUCT_BUNDLE_IDENTIFIER = com.desormiere.nicolas.Podcast;
				PRODUCT_NAME = "$(TARGET_NAME)";
				SWIFT_VERSION = 4.0;
				TARGETED_DEVICE_FAMILY = "1,2";
			};
			name = Release;
		};
		374E5F9C20906B2300A5E5C8 /* Debug */ = {
			isa = XCBuildConfiguration;
			baseConfigurationReference = 77A3A684D27CDB6EEFDDE6C2 /* Pods-PodcastUITests.debug.xcconfig */;
			buildSettings = {
				ALWAYS_EMBED_SWIFT_STANDARD_LIBRARIES = YES;
				CODE_SIGN_STYLE = Automatic;
				DEVELOPMENT_TEAM = 2T3D3L27FC;
				INFOPLIST_FILE = PodcastUITests/Info.plist;
				LD_RUNPATH_SEARCH_PATHS = "$(inherited) @executable_path/Frameworks @loader_path/Frameworks";
				PRODUCT_BUNDLE_IDENTIFIER = com.desormiere.nicolas.PodcastUITests;
				PRODUCT_NAME = "$(TARGET_NAME)";
				SWIFT_VERSION = 4.0;
				TARGETED_DEVICE_FAMILY = "1,2";
				TEST_TARGET_NAME = Podcast;
			};
			name = Debug;
		};
		374E5F9D20906B2300A5E5C8 /* Release */ = {
			isa = XCBuildConfiguration;
			baseConfigurationReference = 9EE961C49D758124F793F90C /* Pods-PodcastUITests.release.xcconfig */;
			buildSettings = {
				ALWAYS_EMBED_SWIFT_STANDARD_LIBRARIES = YES;
				CODE_SIGN_STYLE = Automatic;
				DEVELOPMENT_TEAM = 2T3D3L27FC;
				INFOPLIST_FILE = PodcastUITests/Info.plist;
				LD_RUNPATH_SEARCH_PATHS = "$(inherited) @executable_path/Frameworks @loader_path/Frameworks";
				PRODUCT_BUNDLE_IDENTIFIER = com.desormiere.nicolas.PodcastUITests;
				PRODUCT_NAME = "$(TARGET_NAME)";
				SWIFT_VERSION = 4.0;
				TARGETED_DEVICE_FAMILY = "1,2";
				TEST_TARGET_NAME = Podcast;
			};
			name = Release;
		};
/* End XCBuildConfiguration section */

/* Begin XCConfigurationList section */
		374E5F7620906B2300A5E5C8 /* Build configuration list for PBXProject "Podcast" */ = {
			isa = XCConfigurationList;
			buildConfigurations = (
				374E5F9620906B2300A5E5C8 /* Debug */,
				374E5F9720906B2300A5E5C8 /* Release */,
			);
			defaultConfigurationIsVisible = 0;
			defaultConfigurationName = Release;
		};
		374E5F9820906B2300A5E5C8 /* Build configuration list for PBXNativeTarget "Podcast" */ = {
			isa = XCConfigurationList;
			buildConfigurations = (
				374E5F9920906B2300A5E5C8 /* Debug */,
				374E5F9A20906B2300A5E5C8 /* Release */,
			);
			defaultConfigurationIsVisible = 0;
			defaultConfigurationName = Release;
		};
		374E5F9B20906B2300A5E5C8 /* Build configuration list for PBXNativeTarget "PodcastUITests" */ = {
			isa = XCConfigurationList;
			buildConfigurations = (
				374E5F9C20906B2300A5E5C8 /* Debug */,
				374E5F9D20906B2300A5E5C8 /* Release */,
			);
			defaultConfigurationIsVisible = 0;
			defaultConfigurationName = Release;
		};
/* End XCConfigurationList section */
	};
	rootObject = 374E5F7320906B2300A5E5C8 /* Project object */;
}
